// !$*UTF8*$!
{
	archiveVersion = 1;
	classes = {
	};
	objectVersion = 56;
	objects = {

/* Begin PBXBuildFile section */
		247A837E29B0715100F495AB /* AppDelegate.swift in Sources */ = {isa = PBXBuildFile; fileRef = 247A837D29B0715100F495AB /* AppDelegate.swift */; };
		247A838029B0715100F495AB /* SceneDelegate.swift in Sources */ = {isa = PBXBuildFile; fileRef = 247A837F29B0715100F495AB /* SceneDelegate.swift */; };
		247A838229B0715100F495AB /* ViewController.swift in Sources */ = {isa = PBXBuildFile; fileRef = 247A838129B0715100F495AB /* ViewController.swift */; };
		247A838529B0715100F495AB /* Main.storyboard in Resources */ = {isa = PBXBuildFile; fileRef = 247A838329B0715100F495AB /* Main.storyboard */; };
		247A838829B0715100F495AB /* github_demo12.xcdatamodeld in Sources */ = {isa = PBXBuildFile; fileRef = 247A838629B0715100F495AB /* github_demo12.xcdatamodeld */; };
		247A838A29B0715200F495AB /* Assets.xcassets in Resources */ = {isa = PBXBuildFile; fileRef = 247A838929B0715200F495AB /* Assets.xcassets */; };
		247A838D29B0715200F495AB /* LaunchScreen.storyboard in Resources */ = {isa = PBXBuildFile; fileRef = 247A838B29B0715200F495AB /* LaunchScreen.storyboard */; };
		247A839829B0715300F495AB /* github_demo12Tests.swift in Sources */ = {isa = PBXBuildFile; fileRef = 247A839729B0715300F495AB /* github_demo12Tests.swift */; };
		247A83A229B0715300F495AB /* github_demo12UITests.swift in Sources */ = {isa = PBXBuildFile; fileRef = 247A83A129B0715300F495AB /* github_demo12UITests.swift */; };
		247A83A429B0715300F495AB /* github_demo12UITestsLaunchTests.swift in Sources */ = {isa = PBXBuildFile; fileRef = 247A83A329B0715300F495AB /* github_demo12UITestsLaunchTests.swift */; };
/* End PBXBuildFile section */

/* Begin PBXContainerItemProxy section */
		247A839429B0715300F495AB /* PBXContainerItemProxy */ = {
			isa = PBXContainerItemProxy;
			containerPortal = 247A837229B0715100F495AB /* Project object */;
			proxyType = 1;
			remoteGlobalIDString = 247A837929B0715100F495AB;
			remoteInfo = "github demo12";
		};
		247A839E29B0715300F495AB /* PBXContainerItemProxy */ = {
			isa = PBXContainerItemProxy;
			containerPortal = 247A837229B0715100F495AB /* Project object */;
			proxyType = 1;
			remoteGlobalIDString = 247A837929B0715100F495AB;
			remoteInfo = "github demo12";
		};
/* End PBXContainerItemProxy section */

/* Begin PBXFileReference section */
		247A837A29B0715100F495AB /* github demo12.app */ = {isa = PBXFileReference; explicitFileType = wrapper.application; includeInIndex = 0; path = "github demo12.app"; sourceTree = BUILT_PRODUCTS_DIR; };
		247A837D29B0715100F495AB /* AppDelegate.swift */ = {isa = PBXFileReference; lastKnownFileType = sourcecode.swift; path = AppDelegate.swift; sourceTree = "<group>"; };
		247A837F29B0715100F495AB /* SceneDelegate.swift */ = {isa = PBXFileReference; lastKnownFileType = sourcecode.swift; path = SceneDelegate.swift; sourceTree = "<group>"; };
		247A838129B0715100F495AB /* ViewController.swift */ = {isa = PBXFileReference; lastKnownFileType = sourcecode.swift; path = ViewController.swift; sourceTree = "<group>"; };
		247A838429B0715100F495AB /* Base */ = {isa = PBXFileReference; lastKnownFileType = file.storyboard; name = Base; path = Base.lproj/Main.storyboard; sourceTree = "<group>"; };
		247A838729B0715100F495AB /* github_demo12.xcdatamodel */ = {isa = PBXFileReference; lastKnownFileType = wrapper.xcdatamodel; path = github_demo12.xcdatamodel; sourceTree = "<group>"; };
		247A838929B0715200F495AB /* Assets.xcassets */ = {isa = PBXFileReference; lastKnownFileType = folder.assetcatalog; path = Assets.xcassets; sourceTree = "<group>"; };
		247A838C29B0715200F495AB /* Base */ = {isa = PBXFileReference; lastKnownFileType = file.storyboard; name = Base; path = Base.lproj/LaunchScreen.storyboard; sourceTree = "<group>"; };
		247A838E29B0715200F495AB /* Info.plist */ = {isa = PBXFileReference; lastKnownFileType = text.plist.xml; path = Info.plist; sourceTree = "<group>"; };
		247A839329B0715300F495AB /* github demo12Tests.xctest */ = {isa = PBXFileReference; explicitFileType = wrapper.cfbundle; includeInIndex = 0; path = "github demo12Tests.xctest"; sourceTree = BUILT_PRODUCTS_DIR; };
		247A839729B0715300F495AB /* github_demo12Tests.swift */ = {isa = PBXFileReference; lastKnownFileType = sourcecode.swift; path = github_demo12Tests.swift; sourceTree = "<group>"; };
		247A839D29B0715300F495AB /* github demo12UITests.xctest */ = {isa = PBXFileReference; explicitFileType = wrapper.cfbundle; includeInIndex = 0; path = "github demo12UITests.xctest"; sourceTree = BUILT_PRODUCTS_DIR; };
		247A83A129B0715300F495AB /* github_demo12UITests.swift */ = {isa = PBXFileReference; lastKnownFileType = sourcecode.swift; path = github_demo12UITests.swift; sourceTree = "<group>"; };
		247A83A329B0715300F495AB /* github_demo12UITestsLaunchTests.swift */ = {isa = PBXFileReference; lastKnownFileType = sourcecode.swift; path = github_demo12UITestsLaunchTests.swift; sourceTree = "<group>"; };
/* End PBXFileReference section */

/* Begin PBXFrameworksBuildPhase section */
		247A837729B0715100F495AB /* Frameworks */ = {
			isa = PBXFrameworksBuildPhase;
			buildActionMask = 2147483647;
			files = (
			);
			runOnlyForDeploymentPostprocessing = 0;
		};
		247A839029B0715300F495AB /* Frameworks */ = {
			isa = PBXFrameworksBuildPhase;
			buildActionMask = 2147483647;
			files = (
			);
			runOnlyForDeploymentPostprocessing = 0;
		};
		247A839A29B0715300F495AB /* Frameworks */ = {
			isa = PBXFrameworksBuildPhase;
			buildActionMask = 2147483647;
			files = (
			);
			runOnlyForDeploymentPostprocessing = 0;
		};
/* End PBXFrameworksBuildPhase section */

/* Begin PBXGroup section */
		247A837129B0715100F495AB = {
			isa = PBXGroup;
			children = (
				247A837C29B0715100F495AB /* github demo12 */,
				247A839629B0715300F495AB /* github demo12Tests */,
				247A83A029B0715300F495AB /* github demo12UITests */,
				247A837B29B0715100F495AB /* Products */,
			);
			sourceTree = "<group>";
		};
		247A837B29B0715100F495AB /* Products */ = {
			isa = PBXGroup;
			children = (
				247A837A29B0715100F495AB /* github demo12.app */,
				247A839329B0715300F495AB /* github demo12Tests.xctest */,
				247A839D29B0715300F495AB /* github demo12UITests.xctest */,
			);
			name = Products;
			sourceTree = "<group>";
		};
		247A837C29B0715100F495AB /* github demo12 */ = {
			isa = PBXGroup;
			children = (
				247A837D29B0715100F495AB /* AppDelegate.swift */,
				247A837F29B0715100F495AB /* SceneDelegate.swift */,
				247A838129B0715100F495AB /* ViewController.swift */,
				247A838329B0715100F495AB /* Main.storyboard */,
				247A838929B0715200F495AB /* Assets.xcassets */,
				247A838B29B0715200F495AB /* LaunchScreen.storyboard */,
				247A838E29B0715200F495AB /* Info.plist */,
				247A838629B0715100F495AB /* github_demo12.xcdatamodeld */,
			);
			path = "github demo12";
			sourceTree = "<group>";
		};
		247A839629B0715300F495AB /* github demo12Tests */ = {
			isa = PBXGroup;
			children = (
				247A839729B0715300F495AB /* github_demo12Tests.swift */,
			);
			path = "github demo12Tests";
			sourceTree = "<group>";
		};
		247A83A029B0715300F495AB /* github demo12UITests */ = {
			isa = PBXGroup;
			children = (
				247A83A129B0715300F495AB /* github_demo12UITests.swift */,
				247A83A329B0715300F495AB /* github_demo12UITestsLaunchTests.swift */,
			);
			path = "github demo12UITests";
			sourceTree = "<group>";
		};
/* End PBXGroup section */

/* Begin PBXNativeTarget section */
		247A837929B0715100F495AB /* github demo12 */ = {
			isa = PBXNativeTarget;
			buildConfigurationList = 247A83A729B0715300F495AB /* Build configuration list for PBXNativeTarget "github demo12" */;
			buildPhases = (
				247A837629B0715100F495AB /* Sources */,
				247A837729B0715100F495AB /* Frameworks */,
				247A837829B0715100F495AB /* Resources */,
			);
			buildRules = (
			);
			dependencies = (
			);
			name = "github demo12";
			productName = "github demo12";
			productReference = 247A837A29B0715100F495AB /* github demo12.app */;
			productType = "com.apple.product-type.application";
		};
		247A839229B0715300F495AB /* github demo12Tests */ = {
			isa = PBXNativeTarget;
			buildConfigurationList = 247A83AA29B0715300F495AB /* Build configuration list for PBXNativeTarget "github demo12Tests" */;
			buildPhases = (
				247A838F29B0715300F495AB /* Sources */,
				247A839029B0715300F495AB /* Frameworks */,
				247A839129B0715300F495AB /* Resources */,
			);
			buildRules = (
			);
			dependencies = (
				247A839529B0715300F495AB /* PBXTargetDependency */,
			);
			name = "github demo12Tests";
			productName = "github demo12Tests";
			productReference = 247A839329B0715300F495AB /* github demo12Tests.xctest */;
			productType = "com.apple.product-type.bundle.unit-test";
		};
		247A839C29B0715300F495AB /* github demo12UITests */ = {
			isa = PBXNativeTarget;
			buildConfigurationList = 247A83AD29B0715300F495AB /* Build configuration list for PBXNativeTarget "github demo12UITests" */;
			buildPhases = (
				247A839929B0715300F495AB /* Sources */,
				247A839A29B0715300F495AB /* Frameworks */,
				247A839B29B0715300F495AB /* Resources */,
			);
			buildRules = (
			);
			dependencies = (
				247A839F29B0715300F495AB /* PBXTargetDependency */,
			);
			name = "github demo12UITests";
			productName = "github demo12UITests";
			productReference = 247A839D29B0715300F495AB /* github demo12UITests.xctest */;
			productType = "com.apple.product-type.bundle.ui-testing";
		};
/* End PBXNativeTarget section */

/* Begin PBXProject section */
		247A837229B0715100F495AB /* Project object */ = {
			isa = PBXProject;
			attributes = {
				BuildIndependentTargetsInParallel = 1;
				LastSwiftUpdateCheck = 1410;
				LastUpgradeCheck = 1410;
				TargetAttributes = {
					247A837929B0715100F495AB = {
						CreatedOnToolsVersion = 14.1;
					};
					247A839229B0715300F495AB = {
						CreatedOnToolsVersion = 14.1;
						TestTargetID = 247A837929B0715100F495AB;
					};
					247A839C29B0715300F495AB = {
						CreatedOnToolsVersion = 14.1;
						TestTargetID = 247A837929B0715100F495AB;
					};
				};
			};
			buildConfigurationList = 247A837529B0715100F495AB /* Build configuration list for PBXProject "github demo12" */;
			compatibilityVersion = "Xcode 14.0";
			developmentRegion = en;
			hasScannedForEncodings = 0;
			knownRegions = (
				en,
				Base,
			);
			mainGroup = 247A837129B0715100F495AB;
			productRefGroup = 247A837B29B0715100F495AB /* Products */;
			projectDirPath = "";
			projectRoot = "";
			targets = (
				247A837929B0715100F495AB /* github demo12 */,
				247A839229B0715300F495AB /* github demo12Tests */,
				247A839C29B0715300F495AB /* github demo12UITests */,
			);
		};
/* End PBXProject section */

/* Begin PBXResourcesBuildPhase section */
		247A837829B0715100F495AB /* Resources */ = {
			isa = PBXResourcesBuildPhase;
			buildActionMask = 2147483647;
			files = (
				247A838D29B0715200F495AB /* LaunchScreen.storyboard in Resources */,
				247A838A29B0715200F495AB /* Assets.xcassets in Resources */,
				247A838529B0715100F495AB /* Main.storyboard in Resources */,
			);
			runOnlyForDeploymentPostprocessing = 0;
		};
		247A839129B0715300F495AB /* Resources */ = {
			isa = PBXResourcesBuildPhase;
			buildActionMask = 2147483647;
			files = (
			);
			runOnlyForDeploymentPostprocessing = 0;
		};
		247A839B29B0715300F495AB /* Resources */ = {
			isa = PBXResourcesBuildPhase;
			buildActionMask = 2147483647;
			files = (
			);
			runOnlyForDeploymentPostprocessing = 0;
		};
/* End PBXResourcesBuildPhase section */

/* Begin PBXSourcesBuildPhase section */
		247A837629B0715100F495AB /* Sources */ = {
			isa = PBXSourcesBuildPhase;
			buildActionMask = 2147483647;
			files = (
				247A838829B0715100F495AB /* github_demo12.xcdatamodeld in Sources */,
				247A838229B0715100F495AB /* ViewController.swift in Sources */,
				247A837E29B0715100F495AB /* AppDelegate.swift in Sources */,
				247A838029B0715100F495AB /* SceneDelegate.swift in Sources */,
			);
			runOnlyForDeploymentPostprocessing = 0;
		};
		247A838F29B0715300F495AB /* Sources */ = {
			isa = PBXSourcesBuildPhase;
			buildActionMask = 2147483647;
			files = (
				247A839829B0715300F495AB /* github_demo12Tests.swift in Sources */,
			);
			runOnlyForDeploymentPostprocessing = 0;
		};
		247A839929B0715300F495AB /* Sources */ = {
			isa = PBXSourcesBuildPhase;
			buildActionMask = 2147483647;
			files = (
				247A83A229B0715300F495AB /* github_demo12UITests.swift in Sources */,
				247A83A429B0715300F495AB /* github_demo12UITestsLaunchTests.swift in Sources */,
			);
			runOnlyForDeploymentPostprocessing = 0;
		};
/* End PBXSourcesBuildPhase section */

/* Begin PBXTargetDependency section */
		247A839529B0715300F495AB /* PBXTargetDependency */ = {
			isa = PBXTargetDependency;
			target = 247A837929B0715100F495AB /* github demo12 */;
			targetProxy = 247A839429B0715300F495AB /* PBXContainerItemProxy */;
		};
		247A839F29B0715300F495AB /* PBXTargetDependency */ = {
			isa = PBXTargetDependency;
			target = 247A837929B0715100F495AB /* github demo12 */;
			targetProxy = 247A839E29B0715300F495AB /* PBXContainerItemProxy */;
		};
/* End PBXTargetDependency section */

/* Begin PBXVariantGroup section */
		247A838329B0715100F495AB /* Main.storyboard */ = {
			isa = PBXVariantGroup;
			children = (
				247A838429B0715100F495AB /* Base */,
			);
			name = Main.storyboard;
			sourceTree = "<group>";
		};
		247A838B29B0715200F495AB /* LaunchScreen.storyboard */ = {
			isa = PBXVariantGroup;
			children = (
				247A838C29B0715200F495AB /* Base */,
			);
			name = LaunchScreen.storyboard;
			sourceTree = "<group>";
		};
/* End PBXVariantGroup section */

/* Begin XCBuildConfiguration section */
		247A83A529B0715300F495AB /* Debug */ = {
			isa = XCBuildConfiguration;
			buildSettings = {
				ALWAYS_SEARCH_USER_PATHS = NO;
				CLANG_ANALYZER_NONNULL = YES;
				CLANG_ANALYZER_NUMBER_OBJECT_CONVERSION = YES_AGGRESSIVE;
				CLANG_CXX_LANGUAGE_STANDARD = "gnu++20";
				CLANG_ENABLE_MODULES = YES;
				CLANG_ENABLE_OBJC_ARC = YES;
				CLANG_ENABLE_OBJC_WEAK = YES;
				CLANG_WARN_BLOCK_CAPTURE_AUTORELEASING = YES;
				CLANG_WARN_BOOL_CONVERSION = YES;
				CLANG_WARN_COMMA = YES;
				CLANG_WARN_CONSTANT_CONVERSION = YES;
				CLANG_WARN_DEPRECATED_OBJC_IMPLEMENTATIONS = YES;
				CLANG_WARN_DIRECT_OBJC_ISA_USAGE = YES_ERROR;
				CLANG_WARN_DOCUMENTATION_COMMENTS = YES;
				CLANG_WARN_EMPTY_BODY = YES;
				CLANG_WARN_ENUM_CONVERSION = YES;
				CLANG_WARN_INFINITE_RECURSION = YES;
				CLANG_WARN_INT_CONVERSION = YES;
				CLANG_WARN_NON_LITERAL_NULL_CONVERSION = YES;
				CLANG_WARN_OBJC_IMPLICIT_RETAIN_SELF = YES;
				CLANG_WARN_OBJC_LITERAL_CONVERSION = YES;
				CLANG_WARN_OBJC_ROOT_CLASS = YES_ERROR;
				CLANG_WARN_QUOTED_INCLUDE_IN_FRAMEWORK_HEADER = YES;
				CLANG_WARN_RANGE_LOOP_ANALYSIS = YES;
				CLANG_WARN_STRICT_PROTOTYPES = YES;
				CLANG_WARN_SUSPICIOUS_MOVE = YES;
				CLANG_WARN_UNGUARDED_AVAILABILITY = YES_AGGRESSIVE;
				CLANG_WARN_UNREACHABLE_CODE = YES;
				CLANG_WARN__DUPLICATE_METHOD_MATCH = YES;
				COPY_PHASE_STRIP = NO;
				DEBUG_INFORMATION_FORMAT = dwarf;
				ENABLE_STRICT_OBJC_MSGSEND = YES;
				ENABLE_TESTABILITY = YES;
				GCC_C_LANGUAGE_STANDARD = gnu11;
				GCC_DYNAMIC_NO_PIC = NO;
				GCC_NO_COMMON_BLOCKS = YES;
				GCC_OPTIMIZATION_LEVEL = 0;
				GCC_PREPROCESSOR_DEFINITIONS = (
					"DEBUG=1",
					"$(inherited)",
				);
				GCC_WARN_64_TO_32_BIT_CONVERSION = YES;
				GCC_WARN_ABOUT_RETURN_TYPE = YES_ERROR;
				GCC_WARN_UNDECLARED_SELECTOR = YES;
				GCC_WARN_UNINITIALIZED_AUTOS = YES_AGGRESSIVE;
				GCC_WARN_UNUSED_FUNCTION = YES;
				GCC_WARN_UNUSED_VARIABLE = YES;
				IPHONEOS_DEPLOYMENT_TARGET = 16.1;
				MTL_ENABLE_DEBUG_INFO = INCLUDE_SOURCE;
				MTL_FAST_MATH = YES;
				ONLY_ACTIVE_ARCH = YES;
				SDKROOT = iphoneos;
				SWIFT_ACTIVE_COMPILATION_CONDITIONS = DEBUG;
				SWIFT_OPTIMIZATION_LEVEL = "-Onone";
			};
			name = Debug;
		};
		247A83A629B0715300F495AB /* Release */ = {
			isa = XCBuildConfiguration;
			buildSettings = {
				ALWAYS_SEARCH_USER_PATHS = NO;
				CLANG_ANALYZER_NONNULL = YES;
				CLANG_ANALYZER_NUMBER_OBJECT_CONVERSION = YES_AGGRESSIVE;
				CLANG_CXX_LANGUAGE_STANDARD = "gnu++20";
				CLANG_ENABLE_MODULES = YES;
				CLANG_ENABLE_OBJC_ARC = YES;
				CLANG_ENABLE_OBJC_WEAK = YES;
				CLANG_WARN_BLOCK_CAPTURE_AUTORELEASING = YES;
				CLANG_WARN_BOOL_CONVERSION = YES;
				CLANG_WARN_COMMA = YES;
				CLANG_WARN_CONSTANT_CONVERSION = YES;
				CLANG_WARN_DEPRECATED_OBJC_IMPLEMENTATIONS = YES;
				CLANG_WARN_DIRECT_OBJC_ISA_USAGE = YES_ERROR;
				CLANG_WARN_DOCUMENTATION_COMMENTS = YES;
				CLANG_WARN_EMPTY_BODY = YES;
				CLANG_WARN_ENUM_CONVERSION = YES;
				CLANG_WARN_INFINITE_RECURSION = YES;
				CLANG_WARN_INT_CONVERSION = YES;
				CLANG_WARN_NON_LITERAL_NULL_CONVERSION = YES;
				CLANG_WARN_OBJC_IMPLICIT_RETAIN_SELF = YES;
				CLANG_WARN_OBJC_LITERAL_CONVERSION = YES;
				CLANG_WARN_OBJC_ROOT_CLASS = YES_ERROR;
				CLANG_WARN_QUOTED_INCLUDE_IN_FRAMEWORK_HEADER = YES;
				CLANG_WARN_RANGE_LOOP_ANALYSIS = YES;
				CLANG_WARN_STRICT_PROTOTYPES = YES;
				CLANG_WARN_SUSPICIOUS_MOVE = YES;
				CLANG_WARN_UNGUARDED_AVAILABILITY = YES_AGGRESSIVE;
				CLANG_WARN_UNREACHABLE_CODE = YES;
				CLANG_WARN__DUPLICATE_METHOD_MATCH = YES;
				COPY_PHASE_STRIP = NO;
				DEBUG_INFORMATION_FORMAT = "dwarf-with-dsym";
				ENABLE_NS_ASSERTIONS = NO;
				ENABLE_STRICT_OBJC_MSGSEND = YES;
				GCC_C_LANGUAGE_STANDARD = gnu11;
				GCC_NO_COMMON_BLOCKS = YES;
				GCC_WARN_64_TO_32_BIT_CONVERSION = YES;
				GCC_WARN_ABOUT_RETURN_TYPE = YES_ERROR;
				GCC_WARN_UNDECLARED_SELECTOR = YES;
				GCC_WARN_UNINITIALIZED_AUTOS = YES_AGGRESSIVE;
				GCC_WARN_UNUSED_FUNCTION = YES;
				GCC_WARN_UNUSED_VARIABLE = YES;
				IPHONEOS_DEPLOYMENT_TARGET = 16.1;
				MTL_ENABLE_DEBUG_INFO = NO;
				MTL_FAST_MATH = YES;
				SDKROOT = iphoneos;
				SWIFT_COMPILATION_MODE = wholemodule;
				SWIFT_OPTIMIZATION_LEVEL = "-O";
				VALIDATE_PRODUCT = YES;
			};
			name = Release;
		};
		247A83A829B0715300F495AB /* Debug */ = {
			isa = XCBuildConfiguration;
			buildSettings = {
				ASSETCATALOG_COMPILER_APPICON_NAME = AppIcon;
				ASSETCATALOG_COMPILER_GLOBAL_ACCENT_COLOR_NAME = AccentColor;
				CODE_SIGN_STYLE = Automatic;
				CURRENT_PROJECT_VERSION = 1;
				GENERATE_INFOPLIST_FILE = YES;
				INFOPLIST_FILE = "github demo12/Info.plist";
				INFOPLIST_KEY_UIApplicationSupportsIndirectInputEvents = YES;
				INFOPLIST_KEY_UILaunchStoryboardName = LaunchScreen;
				INFOPLIST_KEY_UIMainStoryboardFile = Main;
				INFOPLIST_KEY_UISupportedInterfaceOrientations_iPad = "UIInterfaceOrientationPortrait UIInterfaceOrientationPortraitUpsideDown UIInterfaceOrientationLandscapeLeft UIInterfaceOrientationLandscapeRight";
				INFOPLIST_KEY_UISupportedInterfaceOrientations_iPhone = "UIInterfaceOrientationPortrait UIInterfaceOrientationLandscapeLeft UIInterfaceOrientationLandscapeRight";
				LD_RUNPATH_SEARCH_PATHS = (
					"$(inherited)",
					"@executable_path/Frameworks",
				);
				MARKETING_VERSION = 1.0;
				PRODUCT_BUNDLE_IDENTIFIER = "com.netaxis.github-demo12";
				PRODUCT_NAME = "$(TARGET_NAME)";
				SWIFT_EMIT_LOC_STRINGS = YES;
				SWIFT_VERSION = 5.0;
				TARGETED_DEVICE_FAMILY = "1,2";
			};
			name = Debug;
		};
		247A83A929B0715300F495AB /* Release */ = {
			isa = XCBuildConfiguration;
			buildSettings = {
				ASSETCATALOG_COMPILER_APPICON_NAME = AppIcon;
				ASSETCATALOG_COMPILER_GLOBAL_ACCENT_COLOR_NAME = AccentColor;
				CODE_SIGN_STYLE = Automatic;
				CURRENT_PROJECT_VERSION = 1;
				GENERATE_INFOPLIST_FILE = YES;
				INFOPLIST_FILE = "github demo12/Info.plist";
				INFOPLIST_KEY_UIApplicationSupportsIndirectInputEvents = YES;
				INFOPLIST_KEY_UILaunchStoryboardName = LaunchScreen;
				INFOPLIST_KEY_UIMainStoryboardFile = Main;
				INFOPLIST_KEY_UISupportedInterfaceOrientations_iPad = "UIInterfaceOrientationPortrait UIInterfaceOrientationPortraitUpsideDown UIInterfaceOrientationLandscapeLeft UIInterfaceOrientationLandscapeRight";
				INFOPLIST_KEY_UISupportedInterfaceOrientations_iPhone = "UIInterfaceOrientationPortrait UIInterfaceOrientationLandscapeLeft UIInterfaceOrientationLandscapeRight";
				LD_RUNPATH_SEARCH_PATHS = (
					"$(inherited)",
					"@executable_path/Frameworks",
				);
				MARKETING_VERSION = 1.0;
				PRODUCT_BUNDLE_IDENTIFIER = "com.netaxis.github-demo12";
				PRODUCT_NAME = "$(TARGET_NAME)";
				SWIFT_EMIT_LOC_STRINGS = YES;
				SWIFT_VERSION = 5.0;
				TARGETED_DEVICE_FAMILY = "1,2";
			};
			name = Release;
		};
		247A83AB29B0715300F495AB /* Debug */ = {
			isa = XCBuildConfiguration;
			buildSettings = {
				ALWAYS_EMBED_SWIFT_STANDARD_LIBRARIES = YES;
				BUNDLE_LOADER = "$(TEST_HOST)";
				CODE_SIGN_STYLE = Automatic;
				CURRENT_PROJECT_VERSION = 1;
				GENERATE_INFOPLIST_FILE = YES;
				IPHONEOS_DEPLOYMENT_TARGET = 16.1;
				MARKETING_VERSION = 1.0;
				PRODUCT_BUNDLE_IDENTIFIER = "com.netaxis.github-demo12Tests";
				PRODUCT_NAME = "$(TARGET_NAME)";
				SWIFT_EMIT_LOC_STRINGS = NO;
				SWIFT_VERSION = 5.0;
				TARGETED_DEVICE_FAMILY = "1,2";
				TEST_HOST = "$(BUILT_PRODUCTS_DIR)/github demo12.app/$(BUNDLE_EXECUTABLE_FOLDER_PATH)/github demo12";
			};
			name = Debug;
		};
		247A83AC29B0715300F495AB /* Release */ = {
			isa = XCBuildConfiguration;
			buildSettings = {
				ALWAYS_EMBED_SWIFT_STANDARD_LIBRARIES = YES;
				BUNDLE_LOADER = "$(TEST_HOST)";
				CODE_SIGN_STYLE = Automatic;
				CURRENT_PROJECT_VERSION = 1;
				GENERATE_INFOPLIST_FILE = YES;
				IPHONEOS_DEPLOYMENT_TARGET = 16.1;
				MARKETING_VERSION = 1.0;
				PRODUCT_BUNDLE_IDENTIFIER = "com.netaxis.github-demo12Tests";
				PRODUCT_NAME = "$(TARGET_NAME)";
				SWIFT_EMIT_LOC_STRINGS = NO;
				SWIFT_VERSION = 5.0;
				TARGETED_DEVICE_FAMILY = "1,2";
				TEST_HOST = "$(BUILT_PRODUCTS_DIR)/github demo12.app/$(BUNDLE_EXECUTABLE_FOLDER_PATH)/github demo12";
			};
			name = Release;
		};
		247A83AE29B0715300F495AB /* Debug */ = {
			isa = XCBuildConfiguration;
			buildSettings = {
				ALWAYS_EMBED_SWIFT_STANDARD_LIBRARIES = YES;
				CODE_SIGN_STYLE = Automatic;
				CURRENT_PROJECT_VERSION = 1;
				GENERATE_INFOPLIST_FILE = YES;
				MARKETING_VERSION = 1.0;
				PRODUCT_BUNDLE_IDENTIFIER = "com.netaxis.github-demo12UITests";
				PRODUCT_NAME = "$(TARGET_NAME)";
				SWIFT_EMIT_LOC_STRINGS = NO;
				SWIFT_VERSION = 5.0;
				TARGETED_DEVICE_FAMILY = "1,2";
				TEST_TARGET_NAME = "github demo12";
			};
			name = Debug;
		};
		247A83AF29B0715300F495AB /* Release */ = {
			isa = XCBuildConfiguration;
			buildSettings = {
				ALWAYS_EMBED_SWIFT_STANDARD_LIBRARIES = YES;
				CODE_SIGN_STYLE = Automatic;
				CURRENT_PROJECT_VERSION = 1;
				GENERATE_INFOPLIST_FILE = YES;
				MARKETING_VERSION = 1.0;
				PRODUCT_BUNDLE_IDENTIFIER = "com.netaxis.github-demo12UITests";
				PRODUCT_NAME = "$(TARGET_NAME)";
				SWIFT_EMIT_LOC_STRINGS = NO;
				SWIFT_VERSION = 5.0;
				TARGETED_DEVICE_FAMILY = "1,2";
				TEST_TARGET_NAME = "github demo12";
			};
			name = Release;
		};
/* End XCBuildConfiguration section */

/* Begin XCConfigurationList section */
		247A837529B0715100F495AB /* Build configuration list for PBXProject "github demo12" */ = {
			isa = XCConfigurationList;
			buildConfigurations = (
				247A83A529B0715300F495AB /* Debug */,
				247A83A629B0715300F495AB /* Release */,
			);
			defaultConfigurationIsVisible = 0;
			defaultConfigurationName = Release;
		};
		247A83A729B0715300F495AB /* Build configuration list for PBXNativeTarget "github demo12" */ = {
			isa = XCConfigurationList;
			buildConfigurations = (
				247A83A829B0715300F495AB /* Debug */,
				247A83A929B0715300F495AB /* Release */,
			);
			defaultConfigurationIsVisible = 0;
			defaultConfigurationName = Release;
		};
		247A83AA29B0715300F495AB /* Build configuration list for PBXNativeTarget "github demo12Tests" */ = {
			isa = XCConfigurationList;
			buildConfigurations = (
				247A83AB29B0715300F495AB /* Debug */,
				247A83AC29B0715300F495AB /* Release */,
			);
			defaultConfigurationIsVisible = 0;
			defaultConfigurationName = Release;
		};
		247A83AD29B0715300F495AB /* Build configuration list for PBXNativeTarget "github demo12UITests" */ = {
			isa = XCConfigurationList;
			buildConfigurations = (
				247A83AE29B0715300F495AB /* Debug */,
				247A83AF29B0715300F495AB /* Release */,
			);
			defaultConfigurationIsVisible = 0;
			defaultConfigurationName = Release;
		};
/* End XCConfigurationList section */

/* Begin XCVersionGroup section */
		247A838629B0715100F495AB /* github_demo12.xcdatamodeld */ = {
			isa = XCVersionGroup;
			children = (
				247A838729B0715100F495AB /* github_demo12.xcdatamodel */,
			);
			currentVersion = 247A838729B0715100F495AB /* github_demo12.xcdatamodel */;
			path = github_demo12.xcdatamodeld;
			sourceTree = "<group>";
			versionGroupType = wrapper.xcdatamodel;
		};
/* End XCVersionGroup section */
	};
	rootObject = 247A837229B0715100F495AB /* Project object */;
}
